
Microsoft Visual Studio Solution File, Format Version 12.00
# Visual Studio 14
VisualStudioVersion = 14.0.25420.1
MinimumVisualStudioVersion = 10.0.40219.1
Project("{FAE04EC0-301F-11D3-BF4B-00C04F79EFBC}") = "CirohubServices", "CirohubServices\CirohubServices.csproj", "{000B03E3-7EDF-4A2A-9108-761DB960EBDE}"
EndProject
Project("{FAE04EC0-301F-11D3-BF4B-00C04F79EFBC}") = "CirohubServicesDataLayer", "CirohubServicesDataLayer\CirohubServicesDataLayer.csproj", "{BA0B064C-FD2B-4743-946A-800DDB422D55}"
EndProject
Global
	GlobalSection(SolutionConfigurationPlatforms) = preSolution
		Debug|Any CPU = Debug|Any CPU
		Release|Any CPU = Release|Any CPU
	EndGlobalSection
	GlobalSection(ProjectConfigurationPlatforms) = postSolution
		{000B03E3-7EDF-4A2A-9108-761DB960EBDE}.Debug|Any CPU.ActiveCfg = Debug|Any CPU
		{000B03E3-7EDF-4A2A-9108-761DB960EBDE}.Debug|Any CPU.Build.0 = Debug|Any CPU
		{000B03E3-7EDF-4A2A-9108-761DB960EBDE}.Release|Any CPU.ActiveCfg = Release|Any CPU
		{000B03E3-7EDF-4A2A-9108-761DB960EBDE}.Release|Any CPU.Build.0 = Release|Any CPU
		{BA0B064C-FD2B-4743-946A-800DDB422D55}.Debug|Any CPU.ActiveCfg = Debug|Any CPU
		{BA0B064C-FD2B-4743-946A-800DDB422D55}.Debug|Any CPU.Build.0 = Debug|Any CPU
		{BA0B064C-FD2B-4743-946A-800DDB422D55}.Release|Any CPU.ActiveCfg = Release|Any CPU
		{BA0B064C-FD2B-4743-946A-800DDB422D55}.Release|Any CPU.Build.0 = Release|Any CPU
	EndGlobalSection
	GlobalSection(SolutionProperties) = preSolution
		HideSolutionNode = FALSE
	EndGlobalSection
EndGlobal
